
Microsoft Visual Studio Solution File, Format Version 12.00
# Visual Studio Version 17
VisualStudioVersion = 17.6.33829.357
MinimumVisualStudioVersion = 10.0.40219.1
Project("{9A19103F-16F7-4668-BE54-9A1E7A4F7556}") = "ProyectoFinalConsola", "ProyectoFinalConsola\ProyectoFinalConsola.csproj", "{B3EC7A54-3981-48A4-9962-CC3D00F62227}"
EndProject
Project("{9A19103F-16F7-4668-BE54-9A1E7A4F7556}") = "Entidades", "Entidades\Entidades.csproj", "{AD5FA09A-49C9-4DD2-AE05-0ADBDDFFA1F7}"
EndProject
Project("{FAE04EC0-301F-11D3-BF4B-00C04F79EFBC}") = "Conversor2", "Conversor2\Conversor2.csproj", "{F7C1A4E1-5FA5-41F6-9B3F-8BB80D8CBB9C}"
EndProject
Global
	GlobalSection(SolutionConfigurationPlatforms) = preSolution
		Debug|Any CPU = Debug|Any CPU
		Release|Any CPU = Release|Any CPU
	EndGlobalSection
	GlobalSection(ProjectConfigurationPlatforms) = postSolution
		{B3EC7A54-3981-48A4-9962-CC3D00F62227}.Debug|Any CPU.ActiveCfg = Debug|Any CPU
		{B3EC7A54-3981-48A4-9962-CC3D00F62227}.Debug|Any CPU.Build.0 = Debug|Any CPU
		{B3EC7A54-3981-48A4-9962-CC3D00F62227}.Release|Any CPU.ActiveCfg = Release|Any CPU
		{B3EC7A54-3981-48A4-9962-CC3D00F62227}.Release|Any CPU.Build.0 = Release|Any CPU
		{AD5FA09A-49C9-4DD2-AE05-0ADBDDFFA1F7}.Debug|Any CPU.ActiveCfg = Debug|Any CPU
		{AD5FA09A-49C9-4DD2-AE05-0ADBDDFFA1F7}.Debug|Any CPU.Build.0 = Debug|Any CPU
		{AD5FA09A-49C9-4DD2-AE05-0ADBDDFFA1F7}.Release|Any CPU.ActiveCfg = Release|Any CPU
		{AD5FA09A-49C9-4DD2-AE05-0ADBDDFFA1F7}.Release|Any CPU.Build.0 = Release|Any CPU
		{F7C1A4E1-5FA5-41F6-9B3F-8BB80D8CBB9C}.Debug|Any CPU.ActiveCfg = Debug|Any CPU
		{F7C1A4E1-5FA5-41F6-9B3F-8BB80D8CBB9C}.Debug|Any CPU.Build.0 = Debug|Any CPU
		{F7C1A4E1-5FA5-41F6-9B3F-8BB80D8CBB9C}.Release|Any CPU.ActiveCfg = Release|Any CPU
		{F7C1A4E1-5FA5-41F6-9B3F-8BB80D8CBB9C}.Release|Any CPU.Build.0 = Release|Any CPU
	EndGlobalSection
	GlobalSection(SolutionProperties) = preSolution
		HideSolutionNode = FALSE
	EndGlobalSection
	GlobalSection(ExtensibilityGlobals) = postSolution
		SolutionGuid = {73780267-D374-4083-9C03-EDF9DE292134}
	EndGlobalSection
EndGlobal
