
Microsoft Visual Studio Solution File, Format Version 12.00
# Visual Studio Version 17
VisualStudioVersion = 17.6.33829.357
MinimumVisualStudioVersion = 10.0.40219.1
Project("{FAE04EC0-301F-11D3-BF4B-00C04F79EFBC}") = "ConversorAngular", "ConversorAngular\ConversorAngular.csproj", "{555F44F0-5761-4709-B264-B5280062858D}"
EndProject
Global
	GlobalSection(SolutionConfigurationPlatforms) = preSolution
		Debug|Any CPU = Debug|Any CPU
		Release|Any CPU = Release|Any CPU
	EndGlobalSection
	GlobalSection(ProjectConfigurationPlatforms) = postSolution
		{555F44F0-5761-4709-B264-B5280062858D}.Debug|Any CPU.ActiveCfg = Debug|Any CPU
		{555F44F0-5761-4709-B264-B5280062858D}.Debug|Any CPU.Build.0 = Debug|Any CPU
		{555F44F0-5761-4709-B264-B5280062858D}.Release|Any CPU.ActiveCfg = Release|Any CPU
		{555F44F0-5761-4709-B264-B5280062858D}.Release|Any CPU.Build.0 = Release|Any CPU
	EndGlobalSection
	GlobalSection(SolutionProperties) = preSolution
		HideSolutionNode = FALSE
	EndGlobalSection
	GlobalSection(ExtensibilityGlobals) = postSolution
		SolutionGuid = {C83A0F18-8C78-4185-AE9A-E1738B312A32}
	EndGlobalSection
EndGlobal
